
Microsoft Visual Studio Solution File, Format Version 12.00
# Visual Studio Version 16
VisualStudioVersion = 16.0.31005.135
MinimumVisualStudioVersion = 10.0.40219.1
Project("{FAE04EC0-301F-11D3-BF4B-00C04F79EFBC}") = "TestDefaultProject", "TestDefaultProject\TestDefaultProject.csproj", "{DA7F6038-EA08-4F4F-A2B1-74FEE388DA39}"
EndProject
Global
	GlobalSection(SolutionConfigurationPlatforms) = preSolution
		Debug|Any CPU = Debug|Any CPU
		Release|Any CPU = Release|Any CPU
	EndGlobalSection
	GlobalSection(ProjectConfigurationPlatforms) = postSolution
		{DA7F6038-EA08-4F4F-A2B1-74FEE388DA39}.Debug|Any CPU.ActiveCfg = Debug|Any CPU
		{DA7F6038-EA08-4F4F-A2B1-74FEE388DA39}.Debug|Any CPU.Build.0 = Debug|Any CPU
		{DA7F6038-EA08-4F4F-A2B1-74FEE388DA39}.Release|Any CPU.ActiveCfg = Release|Any CPU
		{DA7F6038-EA08-4F4F-A2B1-74FEE388DA39}.Release|Any CPU.Build.0 = Release|Any CPU
	EndGlobalSection
	GlobalSection(SolutionProperties) = preSolution
		HideSolutionNode = FALSE
	EndGlobalSection
	GlobalSection(ExtensibilityGlobals) = postSolution
		SolutionGuid = {64F7245F-84D6-4AF6-B1D0-C56687A4BE5A}
	EndGlobalSection
EndGlobal
